// !$*UTF8*$!
{
	archiveVersion = 1;
	classes = {
	};
	objectVersion = 56;
	objects = {

/* Begin PBXBuildFile section */
		353AA05E2AA5D1BC00314A49 /* ItemTableViewCell.swift in Sources */ = {isa = PBXBuildFile; fileRef = 353AA05C2AA5D1BC00314A49 /* ItemTableViewCell.swift */; };
		353AA05F2AA5D1BC00314A49 /* ItemTableViewCell.xib in Resources */ = {isa = PBXBuildFile; fileRef = 353AA05D2AA5D1BC00314A49 /* ItemTableViewCell.xib */; };
		353AA0632AA5D55C00314A49 /* DetailViewController.swift in Sources */ = {isa = PBXBuildFile; fileRef = 353AA0622AA5D55C00314A49 /* DetailViewController.swift */; };
		353AA06A2AA5DDC900314A49 /* Kingfisher in Frameworks */ = {isa = PBXBuildFile; productRef = 353AA0692AA5DDC900314A49 /* Kingfisher */; };
		35622B382AA5784400ECFA79 /* AppDelegate.swift in Sources */ = {isa = PBXBuildFile; fileRef = 35622B372AA5784400ECFA79 /* AppDelegate.swift */; };
		35622B3A2AA5784400ECFA79 /* SceneDelegate.swift in Sources */ = {isa = PBXBuildFile; fileRef = 35622B392AA5784400ECFA79 /* SceneDelegate.swift */; };
		35622B3C2AA5784400ECFA79 /* MainViewController.swift in Sources */ = {isa = PBXBuildFile; fileRef = 35622B3B2AA5784400ECFA79 /* MainViewController.swift */; };
		35622B3F2AA5784400ECFA79 /* Main.storyboard in Resources */ = {isa = PBXBuildFile; fileRef = 35622B3D2AA5784400ECFA79 /* Main.storyboard */; };
		35622B412AA5784500ECFA79 /* Assets.xcassets in Resources */ = {isa = PBXBuildFile; fileRef = 35622B402AA5784500ECFA79 /* Assets.xcassets */; };
		35622B442AA5784500ECFA79 /* LaunchScreen.storyboard in Resources */ = {isa = PBXBuildFile; fileRef = 35622B422AA5784500ECFA79 /* LaunchScreen.storyboard */; };
		35622B512AA5810F00ECFA79 /* Alamofire in Frameworks */ = {isa = PBXBuildFile; productRef = 35622B502AA5810F00ECFA79 /* Alamofire */; };
		35622B532AA581AE00ECFA79 /* APIService.swift in Sources */ = {isa = PBXBuildFile; fileRef = 35622B522AA581AE00ECFA79 /* APIService.swift */; };
		35622B552AA5839300ECFA79 /* EndPoint.swift in Sources */ = {isa = PBXBuildFile; fileRef = 35622B542AA5839300ECFA79 /* EndPoint.swift */; };
		35622B572AA5841600ECFA79 /* ResponseMeal.swift in Sources */ = {isa = PBXBuildFile; fileRef = 35622B562AA5841600ECFA79 /* ResponseMeal.swift */; };
		35622B592AA58B0F00ECFA79 /* Meal.swift in Sources */ = {isa = PBXBuildFile; fileRef = 35622B582AA58B0F00ECFA79 /* Meal.swift */; };
/* End PBXBuildFile section */

/* Begin PBXFileReference section */
		353AA05C2AA5D1BC00314A49 /* ItemTableViewCell.swift */ = {isa = PBXFileReference; lastKnownFileType = sourcecode.swift; path = ItemTableViewCell.swift; sourceTree = "<group>"; };
		353AA05D2AA5D1BC00314A49 /* ItemTableViewCell.xib */ = {isa = PBXFileReference; lastKnownFileType = file.xib; path = ItemTableViewCell.xib; sourceTree = "<group>"; };
		353AA0622AA5D55C00314A49 /* DetailViewController.swift */ = {isa = PBXFileReference; lastKnownFileType = sourcecode.swift; path = DetailViewController.swift; sourceTree = "<group>"; };
		35622B342AA5784400ECFA79 /* SistemaDatapilar.app */ = {isa = PBXFileReference; explicitFileType = wrapper.application; includeInIndex = 0; path = SistemaDatapilar.app; sourceTree = BUILT_PRODUCTS_DIR; };
		35622B372AA5784400ECFA79 /* AppDelegate.swift */ = {isa = PBXFileReference; lastKnownFileType = sourcecode.swift; path = AppDelegate.swift; sourceTree = "<group>"; };
		35622B392AA5784400ECFA79 /* SceneDelegate.swift */ = {isa = PBXFileReference; lastKnownFileType = sourcecode.swift; path = SceneDelegate.swift; sourceTree = "<group>"; };
		35622B3B2AA5784400ECFA79 /* MainViewController.swift */ = {isa = PBXFileReference; lastKnownFileType = sourcecode.swift; path = MainViewController.swift; sourceTree = "<group>"; };
		35622B3E2AA5784400ECFA79 /* Base */ = {isa = PBXFileReference; lastKnownFileType = file.storyboard; name = Base; path = Base.lproj/Main.storyboard; sourceTree = "<group>"; };
		35622B402AA5784500ECFA79 /* Assets.xcassets */ = {isa = PBXFileReference; lastKnownFileType = folder.assetcatalog; path = Assets.xcassets; sourceTree = "<group>"; };
		35622B432AA5784500ECFA79 /* Base */ = {isa = PBXFileReference; lastKnownFileType = file.storyboard; name = Base; path = Base.lproj/LaunchScreen.storyboard; sourceTree = "<group>"; };
		35622B452AA5784500ECFA79 /* Info.plist */ = {isa = PBXFileReference; lastKnownFileType = text.plist.xml; path = Info.plist; sourceTree = "<group>"; };
		35622B522AA581AE00ECFA79 /* APIService.swift */ = {isa = PBXFileReference; lastKnownFileType = sourcecode.swift; path = APIService.swift; sourceTree = "<group>"; };
		35622B542AA5839300ECFA79 /* EndPoint.swift */ = {isa = PBXFileReference; lastKnownFileType = sourcecode.swift; path = EndPoint.swift; sourceTree = "<group>"; };
		35622B562AA5841600ECFA79 /* ResponseMeal.swift */ = {isa = PBXFileReference; lastKnownFileType = sourcecode.swift; path = ResponseMeal.swift; sourceTree = "<group>"; };
		35622B582AA58B0F00ECFA79 /* Meal.swift */ = {isa = PBXFileReference; lastKnownFileType = sourcecode.swift; path = Meal.swift; sourceTree = "<group>"; };
/* End PBXFileReference section */

/* Begin PBXFrameworksBuildPhase section */
		35622B312AA5784400ECFA79 /* Frameworks */ = {
			isa = PBXFrameworksBuildPhase;
			buildActionMask = 2147483647;
			files = (
				353AA06A2AA5DDC900314A49 /* Kingfisher in Frameworks */,
				35622B512AA5810F00ECFA79 /* Alamofire in Frameworks */,
			);
			runOnlyForDeploymentPostprocessing = 0;
		};
/* End PBXFrameworksBuildPhase section */

/* Begin PBXGroup section */
		35622B2B2AA5784300ECFA79 = {
			isa = PBXGroup;
			children = (
				35622B362AA5784400ECFA79 /* SistemaDatapilar */,
				35622B352AA5784400ECFA79 /* Products */,
			);
			sourceTree = "<group>";
		};
		35622B352AA5784400ECFA79 /* Products */ = {
			isa = PBXGroup;
			children = (
				35622B342AA5784400ECFA79 /* SistemaDatapilar.app */,
			);
			name = Products;
			sourceTree = "<group>";
		};
		35622B362AA5784400ECFA79 /* SistemaDatapilar */ = {
			isa = PBXGroup;
			children = (
				35622B4B2AA579BB00ECFA79 /* Model */,
				35622B4C2AA579C300ECFA79 /* View */,
				35622B4D2AA579CF00ECFA79 /* ViewModel */,
				35622B4E2AA57C3500ECFA79 /* Utilities */,
				35622B372AA5784400ECFA79 /* AppDelegate.swift */,
				35622B392AA5784400ECFA79 /* SceneDelegate.swift */,
				35622B402AA5784500ECFA79 /* Assets.xcassets */,
				35622B452AA5784500ECFA79 /* Info.plist */,
			);
			path = SistemaDatapilar;
			sourceTree = "<group>";
		};
		35622B4B2AA579BB00ECFA79 /* Model */ = {
			isa = PBXGroup;
			children = (
				35622B562AA5841600ECFA79 /* ResponseMeal.swift */,
				35622B582AA58B0F00ECFA79 /* Meal.swift */,
			);
			path = Model;
			sourceTree = "<group>";
		};
		35622B4C2AA579C300ECFA79 /* View */ = {
			isa = PBXGroup;
			children = (
				35622B3D2AA5784400ECFA79 /* Main.storyboard */,
				35622B422AA5784500ECFA79 /* LaunchScreen.storyboard */,
				353AA05D2AA5D1BC00314A49 /* ItemTableViewCell.xib */,
			);
			path = View;
			sourceTree = "<group>";
		};
		35622B4D2AA579CF00ECFA79 /* ViewModel */ = {
			isa = PBXGroup;
			children = (
				353AA05C2AA5D1BC00314A49 /* ItemTableViewCell.swift */,
				35622B3B2AA5784400ECFA79 /* MainViewController.swift */,
				353AA0622AA5D55C00314A49 /* DetailViewController.swift */,
			);
			path = ViewModel;
			sourceTree = "<group>";
		};
		35622B4E2AA57C3500ECFA79 /* Utilities */ = {
			isa = PBXGroup;
			children = (
				35622B522AA581AE00ECFA79 /* APIService.swift */,
				35622B542AA5839300ECFA79 /* EndPoint.swift */,
			);
			path = Utilities;
			sourceTree = "<group>";
		};
/* End PBXGroup section */

/* Begin PBXNativeTarget section */
		35622B332AA5784400ECFA79 /* SistemaDatapilar */ = {
			isa = PBXNativeTarget;
			buildConfigurationList = 35622B482AA5784500ECFA79 /* Build configuration list for PBXNativeTarget "SistemaDatapilar" */;
			buildPhases = (
				35622B302AA5784400ECFA79 /* Sources */,
				35622B312AA5784400ECFA79 /* Frameworks */,
				35622B322AA5784400ECFA79 /* Resources */,
			);
			buildRules = (
			);
			dependencies = (
			);
			name = SistemaDatapilar;
			packageProductDependencies = (
				35622B502AA5810F00ECFA79 /* Alamofire */,
				353AA0692AA5DDC900314A49 /* Kingfisher */,
			);
			productName = SistemaDatapilar;
			productReference = 35622B342AA5784400ECFA79 /* SistemaDatapilar.app */;
			productType = "com.apple.product-type.application";
		};
/* End PBXNativeTarget section */

/* Begin PBXProject section */
		35622B2C2AA5784300ECFA79 /* Project object */ = {
			isa = PBXProject;
			attributes = {
				BuildIndependentTargetsInParallel = 1;
				LastSwiftUpdateCheck = 1430;
				LastUpgradeCheck = 1430;
				TargetAttributes = {
					35622B332AA5784400ECFA79 = {
						CreatedOnToolsVersion = 14.3.1;
					};
				};
			};
			buildConfigurationList = 35622B2F2AA5784300ECFA79 /* Build configuration list for PBXProject "SistemaDatapilar" */;
			compatibilityVersion = "Xcode 14.0";
			developmentRegion = en;
			hasScannedForEncodings = 0;
			knownRegions = (
				en,
				Base,
			);
			mainGroup = 35622B2B2AA5784300ECFA79;
			packageReferences = (
				35622B4F2AA5810F00ECFA79 /* XCRemoteSwiftPackageReference "Alamofire" */,
				353AA0682AA5DDC900314A49 /* XCRemoteSwiftPackageReference "Kingfisher" */,
			);
			productRefGroup = 35622B352AA5784400ECFA79 /* Products */;
			projectDirPath = "";
			projectRoot = "";
			targets = (
				35622B332AA5784400ECFA79 /* SistemaDatapilar */,
			);
		};
/* End PBXProject section */

/* Begin PBXResourcesBuildPhase section */
		35622B322AA5784400ECFA79 /* Resources */ = {
			isa = PBXResourcesBuildPhase;
			buildActionMask = 2147483647;
			files = (
				353AA05F2AA5D1BC00314A49 /* ItemTableViewCell.xib in Resources */,
				35622B442AA5784500ECFA79 /* LaunchScreen.storyboard in Resources */,
				35622B412AA5784500ECFA79 /* Assets.xcassets in Resources */,
				35622B3F2AA5784400ECFA79 /* Main.storyboard in Resources */,
			);
			runOnlyForDeploymentPostprocessing = 0;
		};
/* End PBXResourcesBuildPhase section */

/* Begin PBXSourcesBuildPhase section */
		35622B302AA5784400ECFA79 /* Sources */ = {
			isa = PBXSourcesBuildPhase;
			buildActionMask = 2147483647;
			files = (
				353AA0632AA5D55C00314A49 /* DetailViewController.swift in Sources */,
				35622B572AA5841600ECFA79 /* ResponseMeal.swift in Sources */,
				35622B3C2AA5784400ECFA79 /* MainViewController.swift in Sources */,
				35622B592AA58B0F00ECFA79 /* Meal.swift in Sources */,
				35622B382AA5784400ECFA79 /* AppDelegate.swift in Sources */,
				353AA05E2AA5D1BC00314A49 /* ItemTableViewCell.swift in Sources */,
				35622B552AA5839300ECFA79 /* EndPoint.swift in Sources */,
				35622B532AA581AE00ECFA79 /* APIService.swift in Sources */,
				35622B3A2AA5784400ECFA79 /* SceneDelegate.swift in Sources */,
			);
			runOnlyForDeploymentPostprocessing = 0;
		};
/* End PBXSourcesBuildPhase section */

/* Begin PBXVariantGroup section */
		35622B3D2AA5784400ECFA79 /* Main.storyboard */ = {
			isa = PBXVariantGroup;
			children = (
				35622B3E2AA5784400ECFA79 /* Base */,
			);
			name = Main.storyboard;
			sourceTree = "<group>";
		};
		35622B422AA5784500ECFA79 /* LaunchScreen.storyboard */ = {
			isa = PBXVariantGroup;
			children = (
				35622B432AA5784500ECFA79 /* Base */,
			);
			name = LaunchScreen.storyboard;
			sourceTree = "<group>";
		};
/* End PBXVariantGroup section */

/* Begin XCBuildConfiguration section */
		35622B462AA5784500ECFA79 /* Debug */ = {
			isa = XCBuildConfiguration;
			buildSettings = {
				ALWAYS_SEARCH_USER_PATHS = NO;
				CLANG_ANALYZER_NONNULL = YES;
				CLANG_ANALYZER_NUMBER_OBJECT_CONVERSION = YES_AGGRESSIVE;
				CLANG_CXX_LANGUAGE_STANDARD = "gnu++20";
				CLANG_ENABLE_MODULES = YES;
				CLANG_ENABLE_OBJC_ARC = YES;
				CLANG_ENABLE_OBJC_WEAK = YES;
				CLANG_WARN_BLOCK_CAPTURE_AUTORELEASING = YES;
				CLANG_WARN_BOOL_CONVERSION = YES;
				CLANG_WARN_COMMA = YES;
				CLANG_WARN_CONSTANT_CONVERSION = YES;
				CLANG_WARN_DEPRECATED_OBJC_IMPLEMENTATIONS = YES;
				CLANG_WARN_DIRECT_OBJC_ISA_USAGE = YES_ERROR;
				CLANG_WARN_DOCUMENTATION_COMMENTS = YES;
				CLANG_WARN_EMPTY_BODY = YES;
				CLANG_WARN_ENUM_CONVERSION = YES;
				CLANG_WARN_INFINITE_RECURSION = YES;
				CLANG_WARN_INT_CONVERSION = YES;
				CLANG_WARN_NON_LITERAL_NULL_CONVERSION = YES;
				CLANG_WARN_OBJC_IMPLICIT_RETAIN_SELF = YES;
				CLANG_WARN_OBJC_LITERAL_CONVERSION = YES;
				CLANG_WARN_OBJC_ROOT_CLASS = YES_ERROR;
				CLANG_WARN_QUOTED_INCLUDE_IN_FRAMEWORK_HEADER = YES;
				CLANG_WARN_RANGE_LOOP_ANALYSIS = YES;
				CLANG_WARN_STRICT_PROTOTYPES = YES;
				CLANG_WARN_SUSPICIOUS_MOVE = YES;
				CLANG_WARN_UNGUARDED_AVAILABILITY = YES_AGGRESSIVE;
				CLANG_WARN_UNREACHABLE_CODE = YES;
				CLANG_WARN__DUPLICATE_METHOD_MATCH = YES;
				COPY_PHASE_STRIP = NO;
				DEBUG_INFORMATION_FORMAT = dwarf;
				ENABLE_STRICT_OBJC_MSGSEND = YES;
				ENABLE_TESTABILITY = YES;
				GCC_C_LANGUAGE_STANDARD = gnu11;
				GCC_DYNAMIC_NO_PIC = NO;
				GCC_NO_COMMON_BLOCKS = YES;
				GCC_OPTIMIZATION_LEVEL = 0;
				GCC_PREPROCESSOR_DEFINITIONS = (
					"DEBUG=1",
					"$(inherited)",
				);
				GCC_WARN_64_TO_32_BIT_CONVERSION = YES;
				GCC_WARN_ABOUT_RETURN_TYPE = YES_ERROR;
				GCC_WARN_UNDECLARED_SELECTOR = YES;
				GCC_WARN_UNINITIALIZED_AUTOS = YES_AGGRESSIVE;
				GCC_WARN_UNUSED_FUNCTION = YES;
				GCC_WARN_UNUSED_VARIABLE = YES;
				IPHONEOS_DEPLOYMENT_TARGET = 16.4;
				MTL_ENABLE_DEBUG_INFO = INCLUDE_SOURCE;
				MTL_FAST_MATH = YES;
				ONLY_ACTIVE_ARCH = YES;
				SDKROOT = iphoneos;
				SWIFT_ACTIVE_COMPILATION_CONDITIONS = DEBUG;
				SWIFT_OPTIMIZATION_LEVEL = "-Onone";
			};
			name = Debug;
		};
		35622B472AA5784500ECFA79 /* Release */ = {
			isa = XCBuildConfiguration;
			buildSettings = {
				ALWAYS_SEARCH_USER_PATHS = NO;
				CLANG_ANALYZER_NONNULL = YES;
				CLANG_ANALYZER_NUMBER_OBJECT_CONVERSION = YES_AGGRESSIVE;
				CLANG_CXX_LANGUAGE_STANDARD = "gnu++20";
				CLANG_ENABLE_MODULES = YES;
				CLANG_ENABLE_OBJC_ARC = YES;
				CLANG_ENABLE_OBJC_WEAK = YES;
				CLANG_WARN_BLOCK_CAPTURE_AUTORELEASING = YES;
				CLANG_WARN_BOOL_CONVERSION = YES;
				CLANG_WARN_COMMA = YES;
				CLANG_WARN_CONSTANT_CONVERSION = YES;
				CLANG_WARN_DEPRECATED_OBJC_IMPLEMENTATIONS = YES;
				CLANG_WARN_DIRECT_OBJC_ISA_USAGE = YES_ERROR;
				CLANG_WARN_DOCUMENTATION_COMMENTS = YES;
				CLANG_WARN_EMPTY_BODY = YES;
				CLANG_WARN_ENUM_CONVERSION = YES;
				CLANG_WARN_INFINITE_RECURSION = YES;
				CLANG_WARN_INT_CONVERSION = YES;
				CLANG_WARN_NON_LITERAL_NULL_CONVERSION = YES;
				CLANG_WARN_OBJC_IMPLICIT_RETAIN_SELF = YES;
				CLANG_WARN_OBJC_LITERAL_CONVERSION = YES;
				CLANG_WARN_OBJC_ROOT_CLASS = YES_ERROR;
				CLANG_WARN_QUOTED_INCLUDE_IN_FRAMEWORK_HEADER = YES;
				CLANG_WARN_RANGE_LOOP_ANALYSIS = YES;
				CLANG_WARN_STRICT_PROTOTYPES = YES;
				CLANG_WARN_SUSPICIOUS_MOVE = YES;
				CLANG_WARN_UNGUARDED_AVAILABILITY = YES_AGGRESSIVE;
				CLANG_WARN_UNREACHABLE_CODE = YES;
				CLANG_WARN__DUPLICATE_METHOD_MATCH = YES;
				COPY_PHASE_STRIP = NO;
				DEBUG_INFORMATION_FORMAT = "dwarf-with-dsym";
				ENABLE_NS_ASSERTIONS = NO;
				ENABLE_STRICT_OBJC_MSGSEND = YES;
				GCC_C_LANGUAGE_STANDARD = gnu11;
				GCC_NO_COMMON_BLOCKS = YES;
				GCC_WARN_64_TO_32_BIT_CONVERSION = YES;
				GCC_WARN_ABOUT_RETURN_TYPE = YES_ERROR;
				GCC_WARN_UNDECLARED_SELECTOR = YES;
				GCC_WARN_UNINITIALIZED_AUTOS = YES_AGGRESSIVE;
				GCC_WARN_UNUSED_FUNCTION = YES;
				GCC_WARN_UNUSED_VARIABLE = YES;
				IPHONEOS_DEPLOYMENT_TARGET = 16.4;
				MTL_ENABLE_DEBUG_INFO = NO;
				MTL_FAST_MATH = YES;
				SDKROOT = iphoneos;
				SWIFT_COMPILATION_MODE = wholemodule;
				SWIFT_OPTIMIZATION_LEVEL = "-O";
				VALIDATE_PRODUCT = YES;
			};
			name = Release;
		};
		35622B492AA5784500ECFA79 /* Debug */ = {
			isa = XCBuildConfiguration;
			buildSettings = {
				ASSETCATALOG_COMPILER_APPICON_NAME = AppIcon;
				ASSETCATALOG_COMPILER_GLOBAL_ACCENT_COLOR_NAME = AccentColor;
				CODE_SIGN_STYLE = Automatic;
				CURRENT_PROJECT_VERSION = 1;
				DEVELOPMENT_TEAM = TK9Q85JSJZ;
				GENERATE_INFOPLIST_FILE = YES;
				INFOPLIST_FILE = SistemaDatapilar/Info.plist;
				INFOPLIST_KEY_UIApplicationSupportsIndirectInputEvents = YES;
				INFOPLIST_KEY_UILaunchStoryboardName = LaunchScreen;
				INFOPLIST_KEY_UIMainStoryboardFile = Main;
				INFOPLIST_KEY_UISupportedInterfaceOrientations_iPad = "UIInterfaceOrientationPortrait UIInterfaceOrientationPortraitUpsideDown UIInterfaceOrientationLandscapeLeft UIInterfaceOrientationLandscapeRight";
				INFOPLIST_KEY_UISupportedInterfaceOrientations_iPhone = "UIInterfaceOrientationPortrait UIInterfaceOrientationLandscapeLeft UIInterfaceOrientationLandscapeRight";
				LD_RUNPATH_SEARCH_PATHS = (
					"$(inherited)",
					"@executable_path/Frameworks",
				);
				MARKETING_VERSION = 1.0;
				PRODUCT_BUNDLE_IDENTIFIER = giovannitjahyamulia.SistemaDatapilar;
				PRODUCT_NAME = "$(TARGET_NAME)";
				SWIFT_EMIT_LOC_STRINGS = YES;
				SWIFT_VERSION = 5.0;
				TARGETED_DEVICE_FAMILY = "1,2";
			};
			name = Debug;
		};
		35622B4A2AA5784500ECFA79 /* Release */ = {
			isa = XCBuildConfiguration;
			buildSettings = {
				ASSETCATALOG_COMPILER_APPICON_NAME = AppIcon;
				ASSETCATALOG_COMPILER_GLOBAL_ACCENT_COLOR_NAME = AccentColor;
				CODE_SIGN_STYLE = Automatic;
				CURRENT_PROJECT_VERSION = 1;
				DEVELOPMENT_TEAM = TK9Q85JSJZ;
				GENERATE_INFOPLIST_FILE = YES;
				INFOPLIST_FILE = SistemaDatapilar/Info.plist;
				INFOPLIST_KEY_UIApplicationSupportsIndirectInputEvents = YES;
				INFOPLIST_KEY_UILaunchStoryboardName = LaunchScreen;
				INFOPLIST_KEY_UIMainStoryboardFile = Main;
				INFOPLIST_KEY_UISupportedInterfaceOrientations_iPad = "UIInterfaceOrientationPortrait UIInterfaceOrientationPortraitUpsideDown UIInterfaceOrientationLandscapeLeft UIInterfaceOrientationLandscapeRight";
				INFOPLIST_KEY_UISupportedInterfaceOrientations_iPhone = "UIInterfaceOrientationPortrait UIInterfaceOrientationLandscapeLeft UIInterfaceOrientationLandscapeRight";
				LD_RUNPATH_SEARCH_PATHS = (
					"$(inherited)",
					"@executable_path/Frameworks",
				);
				MARKETING_VERSION = 1.0;
				PRODUCT_BUNDLE_IDENTIFIER = giovannitjahyamulia.SistemaDatapilar;
				PRODUCT_NAME = "$(TARGET_NAME)";
				SWIFT_EMIT_LOC_STRINGS = YES;
				SWIFT_VERSION = 5.0;
				TARGETED_DEVICE_FAMILY = "1,2";
			};
			name = Release;
		};
/* End XCBuildConfiguration section */

/* Begin XCConfigurationList section */
		35622B2F2AA5784300ECFA79 /* Build configuration list for PBXProject "SistemaDatapilar" */ = {
			isa = XCConfigurationList;
			buildConfigurations = (
				35622B462AA5784500ECFA79 /* Debug */,
				35622B472AA5784500ECFA79 /* Release */,
			);
			defaultConfigurationIsVisible = 0;
			defaultConfigurationName = Release;
		};
		35622B482AA5784500ECFA79 /* Build configuration list for PBXNativeTarget "SistemaDatapilar" */ = {
			isa = XCConfigurationList;
			buildConfigurations = (
				35622B492AA5784500ECFA79 /* Debug */,
				35622B4A2AA5784500ECFA79 /* Release */,
			);
			defaultConfigurationIsVisible = 0;
			defaultConfigurationName = Release;
		};
/* End XCConfigurationList section */

/* Begin XCRemoteSwiftPackageReference section */
		353AA0682AA5DDC900314A49 /* XCRemoteSwiftPackageReference "Kingfisher" */ = {
			isa = XCRemoteSwiftPackageReference;
			repositoryURL = "https://github.com/onevcat/Kingfisher.git";
			requirement = {
				kind = upToNextMajorVersion;
				minimumVersion = 7.0.0;
			};
		};
		35622B4F2AA5810F00ECFA79 /* XCRemoteSwiftPackageReference "Alamofire" */ = {
			isa = XCRemoteSwiftPackageReference;
			repositoryURL = "https://github.com/Alamofire/Alamofire.git";
			requirement = {
				kind = upToNextMajorVersion;
				minimumVersion = 5.0.0;
			};
		};
/* End XCRemoteSwiftPackageReference section */

/* Begin XCSwiftPackageProductDependency section */
		353AA0692AA5DDC900314A49 /* Kingfisher */ = {
			isa = XCSwiftPackageProductDependency;
			package = 353AA0682AA5DDC900314A49 /* XCRemoteSwiftPackageReference "Kingfisher" */;
			productName = Kingfisher;
		};
		35622B502AA5810F00ECFA79 /* Alamofire */ = {
			isa = XCSwiftPackageProductDependency;
			package = 35622B4F2AA5810F00ECFA79 /* XCRemoteSwiftPackageReference "Alamofire" */;
			productName = Alamofire;
		};
/* End XCSwiftPackageProductDependency section */
	};
	rootObject = 35622B2C2AA5784300ECFA79 /* Project object */;
}
